
Microsoft Visual Studio Solution File, Format Version 12.00
# Visual Studio Version 17
VisualStudioVersion = 17.4.33213.308
MinimumVisualStudioVersion = 10.0.40219.1
Project("{FAE04EC0-301F-11D3-BF4B-00C04F79EFBC}") = "LoL Forms", "LoL Forms\LoL Forms.csproj", "{A79F0B4B-2C4A-485F-AD5B-F756FA50E242}"
EndProject
Global
	GlobalSection(SolutionConfigurationPlatforms) = preSolution
		Debug|Any CPU = Debug|Any CPU
		Release|Any CPU = Release|Any CPU
	EndGlobalSection
	GlobalSection(ProjectConfigurationPlatforms) = postSolution
		{A79F0B4B-2C4A-485F-AD5B-F756FA50E242}.Debug|Any CPU.ActiveCfg = Debug|Any CPU
		{A79F0B4B-2C4A-485F-AD5B-F756FA50E242}.Debug|Any CPU.Build.0 = Debug|Any CPU
		{A79F0B4B-2C4A-485F-AD5B-F756FA50E242}.Release|Any CPU.ActiveCfg = Release|Any CPU
		{A79F0B4B-2C4A-485F-AD5B-F756FA50E242}.Release|Any CPU.Build.0 = Release|Any CPU
	EndGlobalSection
	GlobalSection(SolutionProperties) = preSolution
		HideSolutionNode = FALSE
	EndGlobalSection
	GlobalSection(ExtensibilityGlobals) = postSolution
		SolutionGuid = {458D014F-CFFE-4EE3-9E08-52A7C80B6157}
	EndGlobalSection
EndGlobal
